
Microsoft Visual Studio Solution File, Format Version 11.00
# Visual Studio 2010
Project("{FAE04EC0-301F-11D3-BF4B-00C04F79EFBC}") = "Assembly-CSharp", "Assembly-CSharp.csproj", "{c52bb9f7-97f1-490f-3907-debf24eddeae}"
EndProject
Global
	GlobalSection(SolutionConfigurationPlatforms) = preSolution
		Debug|Any CPU = Debug|Any CPU
		Release|Any CPU = Release|Any CPU
	EndGlobalSection
	GlobalSection(ProjectConfigurationPlatforms) = postSolution
		{c52bb9f7-97f1-490f-3907-debf24eddeae}.Debug|Any CPU.ActiveCfg = Debug|Any CPU
		{c52bb9f7-97f1-490f-3907-debf24eddeae}.Debug|Any CPU.Build.0 = Debug|Any CPU
		{c52bb9f7-97f1-490f-3907-debf24eddeae}.Release|Any CPU.ActiveCfg = Release|Any CPU
		{c52bb9f7-97f1-490f-3907-debf24eddeae}.Release|Any CPU.Build.0 = Release|Any CPU
	EndGlobalSection
	GlobalSection(SolutionProperties) = preSolution
		HideSolutionNode = FALSE
	EndGlobalSection
EndGlobal
